
Microsoft Visual Studio Solution File, Format Version 12.00
# Visual Studio 15
VisualStudioVersion = 15.0.28307.168
MinimumVisualStudioVersion = 10.0.40219.1
Project("{FAE04EC0-301F-11D3-BF4B-00C04F79EFBC}") = "Benchmark", "IocPerformance\Benchmark.csproj", "{C2CB4D53-6B69-4554-9DA6-759A69C528C9}"
EndProject
Project("{FAE04EC0-301F-11D3-BF4B-00C04F79EFBC}") = "WSM.Ioc.Unittests", "Wsm.Unittests\WSM.Ioc.Unittests.csproj", "{2C88FE7A-323C-487D-A632-905C6E699AD3}"
EndProject
Project("{FAE04EC0-301F-11D3-BF4B-00C04F79EFBC}") = "WSM.Container", "Wsm.Container\WSM.Container.csproj", "{727DF9B7-B5F6-4DF0-8994-8B1F71C5C7EC}"
EndProject
Global
	GlobalSection(SolutionConfigurationPlatforms) = preSolution
		Debug|Any CPU = Debug|Any CPU
		Debug|x86 = Debug|x86
		Release|Any CPU = Release|Any CPU
		Release|x86 = Release|x86
	EndGlobalSection
	GlobalSection(ProjectConfigurationPlatforms) = postSolution
		{C2CB4D53-6B69-4554-9DA6-759A69C528C9}.Debug|Any CPU.ActiveCfg = Debug|Any CPU
		{C2CB4D53-6B69-4554-9DA6-759A69C528C9}.Debug|Any CPU.Build.0 = Debug|Any CPU
		{C2CB4D53-6B69-4554-9DA6-759A69C528C9}.Debug|x86.ActiveCfg = Debug|x86
		{C2CB4D53-6B69-4554-9DA6-759A69C528C9}.Debug|x86.Build.0 = Debug|x86
		{C2CB4D53-6B69-4554-9DA6-759A69C528C9}.Release|Any CPU.ActiveCfg = Release|Any CPU
		{C2CB4D53-6B69-4554-9DA6-759A69C528C9}.Release|Any CPU.Build.0 = Release|Any CPU
		{C2CB4D53-6B69-4554-9DA6-759A69C528C9}.Release|x86.ActiveCfg = Release|x86
		{C2CB4D53-6B69-4554-9DA6-759A69C528C9}.Release|x86.Build.0 = Release|x86
		{2C88FE7A-323C-487D-A632-905C6E699AD3}.Debug|Any CPU.ActiveCfg = Debug|Any CPU
		{2C88FE7A-323C-487D-A632-905C6E699AD3}.Debug|Any CPU.Build.0 = Debug|Any CPU
		{2C88FE7A-323C-487D-A632-905C6E699AD3}.Debug|x86.ActiveCfg = Debug|Any CPU
		{2C88FE7A-323C-487D-A632-905C6E699AD3}.Debug|x86.Build.0 = Debug|Any CPU
		{2C88FE7A-323C-487D-A632-905C6E699AD3}.Release|Any CPU.ActiveCfg = Release|Any CPU
		{2C88FE7A-323C-487D-A632-905C6E699AD3}.Release|Any CPU.Build.0 = Release|Any CPU
		{2C88FE7A-323C-487D-A632-905C6E699AD3}.Release|x86.ActiveCfg = Release|Any CPU
		{2C88FE7A-323C-487D-A632-905C6E699AD3}.Release|x86.Build.0 = Release|Any CPU
		{727DF9B7-B5F6-4DF0-8994-8B1F71C5C7EC}.Debug|Any CPU.ActiveCfg = Debug|Any CPU
		{727DF9B7-B5F6-4DF0-8994-8B1F71C5C7EC}.Debug|Any CPU.Build.0 = Debug|Any CPU
		{727DF9B7-B5F6-4DF0-8994-8B1F71C5C7EC}.Debug|x86.ActiveCfg = Debug|x86
		{727DF9B7-B5F6-4DF0-8994-8B1F71C5C7EC}.Debug|x86.Build.0 = Debug|x86
		{727DF9B7-B5F6-4DF0-8994-8B1F71C5C7EC}.Release|Any CPU.ActiveCfg = Release|Any CPU
		{727DF9B7-B5F6-4DF0-8994-8B1F71C5C7EC}.Release|Any CPU.Build.0 = Release|Any CPU
		{727DF9B7-B5F6-4DF0-8994-8B1F71C5C7EC}.Release|x86.ActiveCfg = Release|x86
		{727DF9B7-B5F6-4DF0-8994-8B1F71C5C7EC}.Release|x86.Build.0 = Release|x86
	EndGlobalSection
	GlobalSection(SolutionProperties) = preSolution
		HideSolutionNode = FALSE
	EndGlobalSection
	GlobalSection(ExtensibilityGlobals) = postSolution
		SolutionGuid = {4E1E5532-7143-4E85-A22F-954E23E1E86A}
	EndGlobalSection
	GlobalSection(Performance) = preSolution
		HasPerformanceSessions = true
	EndGlobalSection
EndGlobal
